
Microsoft Visual Studio Solution File, Format Version 12.00
# Visual Studio Version 17
VisualStudioVersion = 17.0.31612.314
MinimumVisualStudioVersion = 10.0.40219.1
Project("{9A19103F-16F7-4668-BE54-9A1E7A4F7556}") = "hMoney", "hMoney\hMoney.csproj", "{17B2DF09-967C-47AD-A751-BB6FCE5ABC0B}"
EndProject
Project("{9A19103F-16F7-4668-BE54-9A1E7A4F7556}") = "hMoneyVSTests", "hMoneyVSTests\hMoneyVSTests.csproj", "{94B50FD8-0327-4ABE-8DF1-A61029AC6166}"
EndProject
Project("{9A19103F-16F7-4668-BE54-9A1E7A4F7556}") = "hMoneyTests", "hMoneyTests\hMoneyTests.csproj", "{64E4629E-C1DE-4D3B-8F4E-CC5C77A7275C}"
EndProject
Global
	GlobalSection(SolutionConfigurationPlatforms) = preSolution
		Debug|Any CPU = Debug|Any CPU
		Release|Any CPU = Release|Any CPU
	EndGlobalSection
	GlobalSection(ProjectConfigurationPlatforms) = postSolution
		{17B2DF09-967C-47AD-A751-BB6FCE5ABC0B}.Debug|Any CPU.ActiveCfg = Debug|Any CPU
		{17B2DF09-967C-47AD-A751-BB6FCE5ABC0B}.Debug|Any CPU.Build.0 = Debug|Any CPU
		{17B2DF09-967C-47AD-A751-BB6FCE5ABC0B}.Release|Any CPU.ActiveCfg = Release|Any CPU
		{17B2DF09-967C-47AD-A751-BB6FCE5ABC0B}.Release|Any CPU.Build.0 = Release|Any CPU
		{94B50FD8-0327-4ABE-8DF1-A61029AC6166}.Debug|Any CPU.ActiveCfg = Debug|Any CPU
		{94B50FD8-0327-4ABE-8DF1-A61029AC6166}.Debug|Any CPU.Build.0 = Debug|Any CPU
		{94B50FD8-0327-4ABE-8DF1-A61029AC6166}.Release|Any CPU.ActiveCfg = Release|Any CPU
		{94B50FD8-0327-4ABE-8DF1-A61029AC6166}.Release|Any CPU.Build.0 = Release|Any CPU
		{64E4629E-C1DE-4D3B-8F4E-CC5C77A7275C}.Debug|Any CPU.ActiveCfg = Debug|Any CPU
		{64E4629E-C1DE-4D3B-8F4E-CC5C77A7275C}.Debug|Any CPU.Build.0 = Debug|Any CPU
		{64E4629E-C1DE-4D3B-8F4E-CC5C77A7275C}.Release|Any CPU.ActiveCfg = Release|Any CPU
		{64E4629E-C1DE-4D3B-8F4E-CC5C77A7275C}.Release|Any CPU.Build.0 = Release|Any CPU
	EndGlobalSection
	GlobalSection(SolutionProperties) = preSolution
		HideSolutionNode = FALSE
	EndGlobalSection
	GlobalSection(ExtensibilityGlobals) = postSolution
		SolutionGuid = {759589E6-098F-4D45-A02A-5B2CBD331894}
	EndGlobalSection
EndGlobal
